
Microsoft Visual Studio Solution File, Format Version 12.00
# Visual Studio Version 17
VisualStudioVersion = 17.11.35219.272
MinimumVisualStudioVersion = 10.0.40219.1
Project("{FAE04EC0-301F-11D3-BF4B-00C04F79EFBC}") = "controlAcceso", "controlAcceso.csproj", "{0CB04ECE-E762-4698-8955-EC0F883AE61E}"
EndProject
Global
	GlobalSection(SolutionConfigurationPlatforms) = preSolution
		Debug|Any CPU = Debug|Any CPU
		Release|Any CPU = Release|Any CPU
	EndGlobalSection
	GlobalSection(ProjectConfigurationPlatforms) = postSolution
		{0CB04ECE-E762-4698-8955-EC0F883AE61E}.Debug|Any CPU.ActiveCfg = Debug|Any CPU
		{0CB04ECE-E762-4698-8955-EC0F883AE61E}.Debug|Any CPU.Build.0 = Debug|Any CPU
		{0CB04ECE-E762-4698-8955-EC0F883AE61E}.Release|Any CPU.ActiveCfg = Release|Any CPU
		{0CB04ECE-E762-4698-8955-EC0F883AE61E}.Release|Any CPU.Build.0 = Release|Any CPU
	EndGlobalSection
	GlobalSection(SolutionProperties) = preSolution
		HideSolutionNode = FALSE
	EndGlobalSection
	GlobalSection(ExtensibilityGlobals) = postSolution
		SolutionGuid = {D2A8771C-E7FC-42FD-A84A-4823974F0076}
	EndGlobalSection
EndGlobal
